{
  "requires": true,
  "lockfileVersion": 1,
  "dependencies": {
    "@callstack/react-theme-provider": {
      "version": "3.0.5",
      "resolved": "https://registry.npmjs.org/@callstack/react-theme-provider/-/react-theme-provider-3.0.5.tgz",
      "integrity": "sha512-Iec+ybWN0FvNj87sD3oWo/49edGUP0UOSdMnzCJEFJIDYr992ECIuOV89burAAh2/ibPCxgLiK6dmgv2mO/8Tg==",
      "requires": {
        "deepmerge": "^3.2.0",
        "hoist-non-react-statics": "^3.3.0"
      }
    },
    "color": {
      "version": "3.1.3",
      "resolved": "https://registry.npmjs.org/color/-/color-3.1.3.tgz",
      "integrity": "sha512-xgXAcTHa2HeFCGLE9Xs/R82hujGtu9Jd9x4NW3T34+OMs7VoPsjwzRczKHvTAHeJwWFwX5j15+MgAppE8ztObQ==",
      "requires": {
        "color-convert": "^1.9.1",
        "color-string": "^1.5.4"
      }
    },
    "color-convert": {
      "version": "1.9.3",
      "resolved": "https://registry.npmjs.org/color-convert/-/color-convert-1.9.3.tgz",
      "integrity": "sha512-QfAUtd+vFdAtFQcC8CCyYt1fYWxSqAiK2cSD6zDB8N3cpsEBAvRxp9zOGg6G/SHHJYAT88/az/IuDGALsNVbGg==",
      "requires": {
        "color-name": "1.1.3"
      }
    },
    "color-name": {
      "version": "1.1.3",
      "resolved": "https://registry.npmjs.org/color-name/-/color-name-1.1.3.tgz",
      "integrity": "sha1-p9BVi9icQveV3UIyj3QIMcpTvCU="
    },
    "color-string": {
      "version": "1.5.5",
      "resolved": "https://registry.npmjs.org/color-string/-/color-string-1.5.5.tgz",
      "integrity": "sha512-jgIoum0OfQfq9Whcfc2z/VhCNcmQjWbey6qBX0vqt7YICflUmBCh9E9CiQD5GSJ+Uehixm3NUwHVhqUAWRivZg==",
      "requires": {
        "color-name": "^1.0.0",
        "simple-swizzle": "^0.2.2"
      }
    },
    "deepmerge": {
      "version": "3.3.0",
      "resolved": "https://registry.npmjs.org/deepmerge/-/deepmerge-3.3.0.tgz",
      "integrity": "sha512-GRQOafGHwMHpjPx9iCvTgpu9NojZ49q794EEL94JVEw6VaeA8XTUyBKvAkOOjBX9oJNiV6G3P+T+tihFjo2TqA=="
    },
    "hoist-non-react-statics": {
      "version": "3.3.2",
      "resolved": "https://registry.npmjs.org/hoist-non-react-statics/-/hoist-non-react-statics-3.3.2.tgz",
      "integrity": "sha512-/gGivxi8JPKWNm/W0jSmzcMPpfpPLc3dY/6GxhX2hQ9iGj3aDfklV4ET7NjKpSinLpJ5vafa9iiGIEZg10SfBw==",
      "requires": {
        "react-is": "^16.7.0"
      }
    },
    "is-arrayish": {
      "version": "0.3.2",
      "resolved": "https://registry.npmjs.org/is-arrayish/-/is-arrayish-0.3.2.tgz",
      "integrity": "sha512-eVRqCvVlZbuw3GrM63ovNSNAeA1K16kaR/LRY/92w0zxQ5/1YzwblUX652i4Xs9RwAGjW9d9y6X88t8OaAJfWQ=="
    },
    "react-is": {
      "version": "16.13.1",
      "resolved": "https://registry.npmjs.org/react-is/-/react-is-16.13.1.tgz",
      "integrity": "sha512-24e6ynE2H+OKt4kqsOvNd8kBpV65zoxbA4BVsEOB3ARVWQki/DHzaUoC5KuON/BiccDaCCTZBuOcfZs70kR8bQ=="
    },
    "react-native-iphone-x-helper": {
      "version": "1.3.1",
      "resolved": "https://registry.npmjs.org/react-native-iphone-x-helper/-/react-native-iphone-x-helper-1.3.1.tgz",
      "integrity": "sha512-HOf0jzRnq2/aFUcdCJ9w9JGzN3gdEg0zFE4FyYlp4jtidqU03D5X7ZegGKfT1EWteR0gPBGp9ye5T5FvSWi9Yg=="
    },
    "react-native-paper": {
      "version": "4.7.2",
      "resolved": "https://registry.npmjs.org/react-native-paper/-/react-native-paper-4.7.2.tgz",
      "integrity": "sha512-MOcDWjBOaknEpQgdm4fIOsRFIt4PJlMCgWlLk4kIe8Wv99/M0JIoxWABkAf4Lj5BuJgXjXdwr0DA/lhGY1BRoQ==",
      "requires": {
        "@callstack/react-theme-provider": "^3.0.5",
        "color": "^3.1.2",
        "react-native-iphone-x-helper": "^1.3.1"
      }
    },
    "simple-swizzle": {
      "version": "0.2.2",
      "resolved": "https://registry.npmjs.org/simple-swizzle/-/simple-swizzle-0.2.2.tgz",
      "integrity": "sha1-pNprY1/8zMoz9w0Xy5JZLeleVXo=",
      "requires": {
        "is-arrayish": "^0.3.1"
      }
    }
  }
}
